
Microsoft Visual Studio Solution File, Format Version 12.00
# Visual Studio Version 17
VisualStudioVersion = 17.4.33110.190
MinimumVisualStudioVersion = 10.0.40219.1
Project("{FAE04EC0-301F-11D3-BF4B-00C04F79EFBC}") = "WinFormsTestApp1", "WinFormsTestApp1\WinFormsTestApp1.csproj", "{A6EDE8DA-6070-401C-90F5-4A15401738AD}"
EndProject
Global
	GlobalSection(SolutionConfigurationPlatforms) = preSolution
		Debug|Any CPU = Debug|Any CPU
		Release|Any CPU = Release|Any CPU
	EndGlobalSection
	GlobalSection(ProjectConfigurationPlatforms) = postSolution
		{A6EDE8DA-6070-401C-90F5-4A15401738AD}.Debug|Any CPU.ActiveCfg = Debug|Any CPU
		{A6EDE8DA-6070-401C-90F5-4A15401738AD}.Debug|Any CPU.Build.0 = Debug|Any CPU
		{A6EDE8DA-6070-401C-90F5-4A15401738AD}.Release|Any CPU.ActiveCfg = Release|Any CPU
		{A6EDE8DA-6070-401C-90F5-4A15401738AD}.Release|Any CPU.Build.0 = Release|Any CPU
	EndGlobalSection
	GlobalSection(SolutionProperties) = preSolution
		HideSolutionNode = FALSE
	EndGlobalSection
	GlobalSection(ExtensibilityGlobals) = postSolution
		SolutionGuid = {FBA46CFA-B527-4D43-9713-C9A551A1BAE0}
	EndGlobalSection
EndGlobal
